
Microsoft Visual Studio Solution File, Format Version 12.00
# Visual Studio Version 17
VisualStudioVersion = 17.0.32112.339
MinimumVisualStudioVersion = 10.0.40219.1
Project("{FAE04EC0-301F-11D3-BF4B-00C04F79EFBC}") = "SteamPulse", "SteamPulse\SteamPulse.csproj", "{FA00B4EF-2691-41AF-A408-3A8151AD6CF1}"
EndProject
Project("{54435603-DBB4-11D2-8724-00A0C9A8B90C}") = "Setup", "Setup\Setup.vdproj", "{C4A51010-BA4E-4225-B2EE-0E220D8473C3}"
EndProject
Project("{2150E333-8FDC-42A3-9474-1A3956D46DE8}") = "Solution Items", "Solution Items", "{7CAF7651-298F-4FDE-8C96-E96574259ACB}"
	ProjectSection(SolutionItems) = preProject
		.editorconfig = .editorconfig
	EndProjectSection
EndProject
Project("{FAE04EC0-301F-11D3-BF4B-00C04F79EFBC}") = "Giveaway", "Giveaway\Giveaway.csproj", "{1C361F23-E3F8-4748-9E03-3CE91203A56F}"
EndProject
Global
	GlobalSection(SolutionConfigurationPlatforms) = preSolution
		Debug|Any CPU = Debug|Any CPU
		Release|Any CPU = Release|Any CPU
	EndGlobalSection
	GlobalSection(ProjectConfigurationPlatforms) = postSolution
		{FA00B4EF-2691-41AF-A408-3A8151AD6CF1}.Debug|Any CPU.ActiveCfg = Debug|Any CPU
		{FA00B4EF-2691-41AF-A408-3A8151AD6CF1}.Debug|Any CPU.Build.0 = Debug|Any CPU
		{FA00B4EF-2691-41AF-A408-3A8151AD6CF1}.Release|Any CPU.ActiveCfg = Release|Any CPU
		{FA00B4EF-2691-41AF-A408-3A8151AD6CF1}.Release|Any CPU.Build.0 = Release|Any CPU
		{C4A51010-BA4E-4225-B2EE-0E220D8473C3}.Debug|Any CPU.ActiveCfg = Debug
		{C4A51010-BA4E-4225-B2EE-0E220D8473C3}.Release|Any CPU.ActiveCfg = Release
		{1C361F23-E3F8-4748-9E03-3CE91203A56F}.Debug|Any CPU.ActiveCfg = Debug|Any CPU
		{1C361F23-E3F8-4748-9E03-3CE91203A56F}.Debug|Any CPU.Build.0 = Debug|Any CPU
		{1C361F23-E3F8-4748-9E03-3CE91203A56F}.Release|Any CPU.ActiveCfg = Release|Any CPU
		{1C361F23-E3F8-4748-9E03-3CE91203A56F}.Release|Any CPU.Build.0 = Release|Any CPU
	EndGlobalSection
	GlobalSection(SolutionProperties) = preSolution
		HideSolutionNode = FALSE
	EndGlobalSection
	GlobalSection(ExtensibilityGlobals) = postSolution
		SolutionGuid = {9250DACB-ED9E-4F84-A0F6-A97D9C5072DF}
	EndGlobalSection
EndGlobal
